{
  "name": "educatudo-assets",
  "lockfileVersion": 3,
  "requires": true,
  "packages": {
    "": {
      "name": "educatudo-assets",
      "dependencies": {
        "mathlive": "^0.98.2"
      }
    },
    "node_modules/@cortex-js/compute-engine": {
      "version": "0.22.0",
      "resolved": "https://registry.npmjs.org/@cortex-js/compute-engine/-/compute-engine-0.22.0.tgz",
      "integrity": "sha512-TPePa4bCbgZO/xh++3ZMNhJD7eLNTFxctbqHtIYbQjLLlUX585HaWeZqIptao4Xi59jZZtP3bPb19txTb251ZA==",
      "license": "MIT",
      "dependencies": {
        "complex.js": "^2.1.1",
        "decimal.js": "^10.4.3"
      },
      "engines": {
        "node": ">=16.14.2",
        "npm": ">=8.5.0"
      }
    },
    "node_modules/complex.js": {
      "version": "2.4.3",
      "resolved": "https://registry.npmjs.org/complex.js/-/complex.js-2.4.3.tgz",
      "integrity": "sha512-UrQVSUur14tNX6tiP4y8T4w4FeJAX3bi2cIv0pu/DTLFNxoq7z2Yh83Vfzztj6Px3X/lubqQ9IrPp7Bpn6p4MQ==",
      "license": "MIT",
      "engines": {
        "node": "*"
      },
      "funding": {
        "type": "github",
        "url": "https://github.com/sponsors/rawify"
      }
    },
    "node_modules/decimal.js": {
      "version": "10.6.0",
      "resolved": "https://registry.npmjs.org/decimal.js/-/decimal.js-10.6.0.tgz",
      "integrity": "sha512-YpgQiITW3JXGntzdUmyUR1V812Hn8T1YVXhCu+wO3OpS4eU9l4YdD3qjyiKdV6mvV29zapkMeD390UVEf2lkUg==",
      "license": "MIT"
    },
    "node_modules/mathlive": {
      "version": "0.98.6",
      "resolved": "https://registry.npmjs.org/mathlive/-/mathlive-0.98.6.tgz",
      "integrity": "sha512-5rRnVa1Xc9iD+f3sfQ6CWgL0GIIq0Fl6A/FbM5gZcrMaEeYn34DFIxUnLLLMgpb8vc/LZhJ1s9dDCqxv2bYTBw==",
      "license": "MIT",
      "dependencies": {
        "@cortex-js/compute-engine": "0.22.0"
      },
      "engines": {
        "node": ">=16.14.2",
        "npm": ">=8.5.0"
      },
      "funding": {
        "type": "individual",
        "url": "https://paypal.me/arnogourdol"
      }
    }
  }
}
